// !$*UTF8*$!
{
	archiveVersion = 1;
	classes = {
	};
	objectVersion = 46;
	objects = {

/* Begin PBXBuildFile section */
		02B634CE1A5C77170078629F /* ProposeViewController.storyboard in Resources */ = {isa = PBXBuildFile; fileRef = 02B634CD1A5C77170078629F /* ProposeViewController.storyboard */; };
		02B634D61A5C81EC0078629F /* PageTests.swift in Sources */ = {isa = PBXBuildFile; fileRef = 545905A7DA4D164BD68928CA /* PageTests.swift */; };
		3F9B9D372A2F75B7638075BA /* libPods.a in Frameworks */ = {isa = PBXBuildFile; fileRef = BB82C6AA01245C0553E6CB35 /* libPods.a */; };
		4A991CF92F9B142EB65E9C6A /* libPods.a in Frameworks */ = {isa = PBXBuildFile; fileRef = BB82C6AA01245C0553E6CB35 /* libPods.a */; };
		5459007E494EE3A089D651F4 /* HomeViewController.swift in Sources */ = {isa = PBXBuildFile; fileRef = 545906DAF42680DE13C33890 /* HomeViewController.swift */; };
		545902663589D97FB551A7E6 /* PageTests.swift in Resources */ = {isa = PBXBuildFile; fileRef = 545905A7DA4D164BD68928CA /* PageTests.swift */; };
		545902FBEED31E3D1A2207BE /* 605-diamond@2x.png in Resources */ = {isa = PBXBuildFile; fileRef = 545906DD45E9187A3A2EBFA7 /* 605-diamond@2x.png */; };
		545903976793FB9A9DE14CF1 /* Proposal.xcdatamodeld in Sources */ = {isa = PBXBuildFile; fileRef = 54590FA6B781D63EEC3214C0 /* Proposal.xcdatamodeld */; };
		5459048847AB7DC52514D1D7 /* LaunchScreen.xib in Resources */ = {isa = PBXBuildFile; fileRef = 545903AABA68A947740C328E /* LaunchScreen.xib */; };
		545904B4C2F8F493FFE726B6 /* CreateViewController.storyboard in Resources */ = {isa = PBXBuildFile; fileRef = 5459080CE61FBC9B65E179E2 /* CreateViewController.storyboard */; };
		545905221E336856AF2E342C /* 605-diamond.png in Resources */ = {isa = PBXBuildFile; fileRef = 545906B855ABE9C48AF403A9 /* 605-diamond.png */; };
		5459054B7675EAD5093823AA /* AppDelegate.swift in Sources */ = {isa = PBXBuildFile; fileRef = 545901DAC20A1E20D7843B01 /* AppDelegate.swift */; };
		545905C042299C239DD877AC /* 704-compose.png in Resources */ = {isa = PBXBuildFile; fileRef = 54590AD68E838BB4A4B43DF4 /* 704-compose.png */; };
		5459071BA7A1981DB5EEE40D /* ProposeViewController.swift in Sources */ = {isa = PBXBuildFile; fileRef = 545900BD76896F040F3F882E /* ProposeViewController.swift */; };
		545907AD65718EC9D24E4CA5 /* Images.xcassets in Resources */ = {isa = PBXBuildFile; fileRef = 54590238DB8DD8071AEEC99D /* Images.xcassets */; };
		545907E3827B94F5E5F778BF /* 605-diamond@3x.png in Resources */ = {isa = PBXBuildFile; fileRef = 545908110B8B7A1B56C3FF99 /* 605-diamond@3x.png */; };
		545909FB3B46661D0AF772C9 /* 704-compose@2x.png in Resources */ = {isa = PBXBuildFile; fileRef = 54590C79C5245E83503AFA4A /* 704-compose@2x.png */; };
		54590A777AB651F2ADA6CC09 /* Main.storyboard in Resources */ = {isa = PBXBuildFile; fileRef = 545909102365B4553F30B27C /* Main.storyboard */; };
		54590BE5EDC7E7F687BDB6B2 /* 833-diamond-selected@3x.png in Resources */ = {isa = PBXBuildFile; fileRef = 54590B6DFFAB927F9F43AA03 /* 833-diamond-selected@3x.png */; };
		54590C25E5C43DAFA0BD198C /* CreateViewController.swift in Sources */ = {isa = PBXBuildFile; fileRef = 545905D4B889E4A19E53A680 /* CreateViewController.swift */; };
		54590D278C8CE784FAED9E4C /* ProposalTests.swift in Sources */ = {isa = PBXBuildFile; fileRef = 54590D32E04173947EDF840B /* ProposalTests.swift */; };
		54590E31337DF3D774D18490 /* 833-diamond-selected.png in Resources */ = {isa = PBXBuildFile; fileRef = 5459038A43BE75539DF96B2D /* 833-diamond-selected.png */; };
		54590EA7EDC01974E51541D2 /* Page.m in Sources */ = {isa = PBXBuildFile; fileRef = 5459003AC622FC098C382CC7 /* Page.m */; };
		54590EC67220C12F97403300 /* 833-diamond-selected@2x.png in Resources */ = {isa = PBXBuildFile; fileRef = 54590A8D36AA7C57035F6717 /* 833-diamond-selected@2x.png */; };
		54590F7E5C711D4CF0FB6059 /* 704-compose@3x.png in Resources */ = {isa = PBXBuildFile; fileRef = 54590D76C1476AF332CBB40D /* 704-compose@3x.png */; };
		54590FE4FAB573DDCAA7131C /* Image.m in Sources */ = {isa = PBXBuildFile; fileRef = 545908E5F29E14B55CA59BE6 /* Image.m */; };
/* End PBXBuildFile section */

/* Begin PBXContainerItemProxy section */
		545900245F63F6070ED75105 /* PBXContainerItemProxy */ = {
			isa = PBXContainerItemProxy;
			containerPortal = 54590510FFBAE460D3AAE3A9 /* Project object */;
			proxyType = 1;
			remoteGlobalIDString = 54590937B25C3753740946ED;
			remoteInfo = Proposal;
		};
/* End PBXContainerItemProxy section */

/* Begin PBXFileReference section */
		02B634CD1A5C77170078629F /* ProposeViewController.storyboard */ = {isa = PBXFileReference; fileEncoding = 4; lastKnownFileType = file.storyboard; path = ProposeViewController.storyboard; sourceTree = "<group>"; };
		02B634CF1A5C7FF80078629F /* Proposal-Bridging-Header.h */ = {isa = PBXFileReference; lastKnownFileType = sourcecode.c.h; path = "Proposal-Bridging-Header.h"; sourceTree = "<group>"; };
		5459003AC622FC098C382CC7 /* Page.m */ = {isa = PBXFileReference; fileEncoding = 4; lastKnownFileType = sourcecode.c.objc; path = Page.m; sourceTree = "<group>"; };
		545900B337B25B91FAFD4AFA /* Info.plist */ = {isa = PBXFileReference; lastKnownFileType = text.plist.info; path = Info.plist; sourceTree = "<group>"; };
		545900BD76896F040F3F882E /* ProposeViewController.swift */ = {isa = PBXFileReference; fileEncoding = 4; lastKnownFileType = sourcecode.swift; path = ProposeViewController.swift; sourceTree = "<group>"; };
		545901DAC20A1E20D7843B01 /* AppDelegate.swift */ = {isa = PBXFileReference; lastKnownFileType = sourcecode.swift; path = AppDelegate.swift; sourceTree = "<group>"; };
		54590238DB8DD8071AEEC99D /* Images.xcassets */ = {isa = PBXFileReference; lastKnownFileType = folder.assetcatalog; path = Images.xcassets; sourceTree = "<group>"; };
		54590285A90B48D07A113F93 /* Image.h */ = {isa = PBXFileReference; fileEncoding = 4; lastKnownFileType = sourcecode.c.h; path = Image.h; sourceTree = "<group>"; };
		545903895F9F27038696C0C4 /* Base */ = {isa = PBXFileReference; lastKnownFileType = file.xib; name = Base; path = Base.lproj/LaunchScreen.xib; sourceTree = "<group>"; };
		5459038A43BE75539DF96B2D /* 833-diamond-selected.png */ = {isa = PBXFileReference; lastKnownFileType = image.png; path = "833-diamond-selected.png"; sourceTree = "<group>"; };
		545904F7AA6967592C1B4375 /* Info.plist */ = {isa = PBXFileReference; lastKnownFileType = text.plist.info; path = Info.plist; sourceTree = "<group>"; };
		545905A7DA4D164BD68928CA /* PageTests.swift */ = {isa = PBXFileReference; fileEncoding = 4; lastKnownFileType = sourcecode.swift; path = PageTests.swift; sourceTree = "<group>"; };
		545905D4B889E4A19E53A680 /* CreateViewController.swift */ = {isa = PBXFileReference; fileEncoding = 4; lastKnownFileType = sourcecode.swift; path = CreateViewController.swift; sourceTree = "<group>"; };
		545906B855ABE9C48AF403A9 /* 605-diamond.png */ = {isa = PBXFileReference; lastKnownFileType = image.png; path = "605-diamond.png"; sourceTree = "<group>"; };
		545906DAF42680DE13C33890 /* HomeViewController.swift */ = {isa = PBXFileReference; lastKnownFileType = sourcecode.swift; path = HomeViewController.swift; sourceTree = "<group>"; };
		545906DD45E9187A3A2EBFA7 /* 605-diamond@2x.png */ = {isa = PBXFileReference; lastKnownFileType = image.png; path = "605-diamond@2x.png"; sourceTree = "<group>"; };
		5459080BAF1C5756E231F0E7 /* ProposalTests.xctest */ = {isa = PBXFileReference; explicitFileType = wrapper.cfbundle; includeInIndex = 0; path = ProposalTests.xctest; sourceTree = BUILT_PRODUCTS_DIR; };
		5459080CE61FBC9B65E179E2 /* CreateViewController.storyboard */ = {isa = PBXFileReference; lastKnownFileType = file.storyboard; path = CreateViewController.storyboard; sourceTree = "<group>"; };
		545908110B8B7A1B56C3FF99 /* 605-diamond@3x.png */ = {isa = PBXFileReference; lastKnownFileType = image.png; path = "605-diamond@3x.png"; sourceTree = "<group>"; };
		54590879518D8559F609F6D7 /* Proposal.xcdatamodel */ = {isa = PBXFileReference; lastKnownFileType = wrapper.xcdatamodel; path = Proposal.xcdatamodel; sourceTree = "<group>"; };
		545908E5F29E14B55CA59BE6 /* Image.m */ = {isa = PBXFileReference; fileEncoding = 4; lastKnownFileType = sourcecode.c.objc; path = Image.m; sourceTree = "<group>"; };
		54590A8D36AA7C57035F6717 /* 833-diamond-selected@2x.png */ = {isa = PBXFileReference; lastKnownFileType = image.png; path = "833-diamond-selected@2x.png"; sourceTree = "<group>"; };
		54590AD68E838BB4A4B43DF4 /* 704-compose.png */ = {isa = PBXFileReference; lastKnownFileType = image.png; path = "704-compose.png"; sourceTree = "<group>"; };
		54590B362715E9DC3E299769 /* Page.h */ = {isa = PBXFileReference; fileEncoding = 4; lastKnownFileType = sourcecode.c.h; path = Page.h; sourceTree = "<group>"; };
		54590B6DFFAB927F9F43AA03 /* 833-diamond-selected@3x.png */ = {isa = PBXFileReference; lastKnownFileType = image.png; path = "833-diamond-selected@3x.png"; sourceTree = "<group>"; };
		54590C79C5245E83503AFA4A /* 704-compose@2x.png */ = {isa = PBXFileReference; lastKnownFileType = image.png; path = "704-compose@2x.png"; sourceTree = "<group>"; };
		54590D32E04173947EDF840B /* ProposalTests.swift */ = {isa = PBXFileReference; lastKnownFileType = sourcecode.swift; path = ProposalTests.swift; sourceTree = "<group>"; };
		54590D76C1476AF332CBB40D /* 704-compose@3x.png */ = {isa = PBXFileReference; lastKnownFileType = image.png; path = "704-compose@3x.png"; sourceTree = "<group>"; };
		54590F4332007D4E57BC200E /* Proposal.app */ = {isa = PBXFileReference; explicitFileType = wrapper.application; includeInIndex = 0; path = Proposal.app; sourceTree = BUILT_PRODUCTS_DIR; };
		54590FCDF26E5C271FA20557 /* Base */ = {isa = PBXFileReference; lastKnownFileType = file.storyboard; name = Base; path = Base.lproj/Main.storyboard; sourceTree = "<group>"; };
		70425D32F5E02E34DFBB75B7 /* Pods.debug.xcconfig */ = {isa = PBXFileReference; includeInIndex = 1; lastKnownFileType = text.xcconfig; name = Pods.debug.xcconfig; path = "Pods/Target Support Files/Pods/Pods.debug.xcconfig"; sourceTree = "<group>"; };
		BB82C6AA01245C0553E6CB35 /* libPods.a */ = {isa = PBXFileReference; explicitFileType = archive.ar; includeInIndex = 0; path = libPods.a; sourceTree = BUILT_PRODUCTS_DIR; };
		D8B7B3E3B5EC7CABB546A76D /* Pods.release.xcconfig */ = {isa = PBXFileReference; includeInIndex = 1; lastKnownFileType = text.xcconfig; name = Pods.release.xcconfig; path = "Pods/Target Support Files/Pods/Pods.release.xcconfig"; sourceTree = "<group>"; };
/* End PBXFileReference section */

/* Begin PBXFrameworksBuildPhase section */
		545902B443F2618D7EC90B55 /* Frameworks */ = {
			isa = PBXFrameworksBuildPhase;
			buildActionMask = 2147483647;
			files = (
				3F9B9D372A2F75B7638075BA /* libPods.a in Frameworks */,
			);
			runOnlyForDeploymentPostprocessing = 0;
		};
		54590D94B737B746F43FCCEB /* Frameworks */ = {
			isa = PBXFrameworksBuildPhase;
			buildActionMask = 2147483647;
			files = (
				4A991CF92F9B142EB65E9C6A /* libPods.a in Frameworks */,
			);
			runOnlyForDeploymentPostprocessing = 0;
		};
/* End PBXFrameworksBuildPhase section */

/* Begin PBXGroup section */
		545902BD797D816A9CD923C1 /* Supporting Files */ = {
			isa = PBXGroup;
			children = (
				545900B337B25B91FAFD4AFA /* Info.plist */,
			);
			name = "Supporting Files";
			sourceTree = "<group>";
		};
		545903188A3D896D5E0C91C6 /* Create */ = {
			isa = PBXGroup;
			children = (
				545905D4B889E4A19E53A680 /* CreateViewController.swift */,
				5459080CE61FBC9B65E179E2 /* CreateViewController.storyboard */,
			);
			path = Create;
			sourceTree = "<group>";
		};
		5459035A57C69D8F7B92E4B0 = {
			isa = PBXGroup;
			children = (
				545908551A555DD8D423151D /* Products */,
				54590DD60103FB4E62965920 /* Proposal */,
				54590928894AA2106510EBB5 /* ProposalTests */,
				E0387CE1357EC3117B055618 /* Pods */,
				C3196635EC7D9C6AAB963023 /* Frameworks */,
				02B634CF1A5C7FF80078629F /* Proposal-Bridging-Header.h */,
			);
			sourceTree = "<group>";
		};
		54590392BD3E122A6A2FFC7E /* Images */ = {
			isa = PBXGroup;
			children = (
				545906B855ABE9C48AF403A9 /* 605-diamond.png */,
				54590B6DFFAB927F9F43AA03 /* 833-diamond-selected@3x.png */,
				54590A8D36AA7C57035F6717 /* 833-diamond-selected@2x.png */,
				5459038A43BE75539DF96B2D /* 833-diamond-selected.png */,
				545906DD45E9187A3A2EBFA7 /* 605-diamond@2x.png */,
				545908110B8B7A1B56C3FF99 /* 605-diamond@3x.png */,
				54590C79C5245E83503AFA4A /* 704-compose@2x.png */,
				54590D76C1476AF332CBB40D /* 704-compose@3x.png */,
				54590AD68E838BB4A4B43DF4 /* 704-compose.png */,
			);
			path = Images;
			sourceTree = "<group>";
		};
		54590467B328B3BFFDD4B37E /* Supporting Files */ = {
			isa = PBXGroup;
			children = (
				545904F7AA6967592C1B4375 /* Info.plist */,
			);
			name = "Supporting Files";
			sourceTree = "<group>";
		};
		545908551A555DD8D423151D /* Products */ = {
			isa = PBXGroup;
			children = (
				54590F4332007D4E57BC200E /* Proposal.app */,
				5459080BAF1C5756E231F0E7 /* ProposalTests.xctest */,
			);
			name = Products;
			sourceTree = "<group>";
		};
		545908D557A77939E36C769E /* Models */ = {
			isa = PBXGroup;
			children = (
				545905A7DA4D164BD68928CA /* PageTests.swift */,
			);
			path = Models;
			sourceTree = "<group>";
		};
		54590928894AA2106510EBB5 /* ProposalTests */ = {
			isa = PBXGroup;
			children = (
				54590467B328B3BFFDD4B37E /* Supporting Files */,
				54590D32E04173947EDF840B /* ProposalTests.swift */,
				545908D557A77939E36C769E /* Models */,
			);
			path = ProposalTests;
			sourceTree = "<group>";
		};
		54590DD60103FB4E62965920 /* Proposal */ = {
			isa = PBXGroup;
			children = (
				545902BD797D816A9CD923C1 /* Supporting Files */,
				54590238DB8DD8071AEEC99D /* Images.xcassets */,
				545903AABA68A947740C328E /* LaunchScreen.xib */,
				545901DAC20A1E20D7843B01 /* AppDelegate.swift */,
				54590FA6B781D63EEC3214C0 /* Proposal.xcdatamodeld */,
				545909102365B4553F30B27C /* Main.storyboard */,
				545906DAF42680DE13C33890 /* HomeViewController.swift */,
				54590392BD3E122A6A2FFC7E /* Images */,
				54590DE440B6A8BC8E5A4B2A /* Propose */,
				545903188A3D896D5E0C91C6 /* Create */,
				54590F0A712BB8D992D19812 /* Models */,
			);
			path = Proposal;
			sourceTree = "<group>";
		};
		54590DE440B6A8BC8E5A4B2A /* Propose */ = {
			isa = PBXGroup;
			children = (
				545900BD76896F040F3F882E /* ProposeViewController.swift */,
				02B634CD1A5C77170078629F /* ProposeViewController.storyboard */,
			);
			path = Propose;
			sourceTree = "<group>";
		};
		54590F0A712BB8D992D19812 /* Models */ = {
			isa = PBXGroup;
			children = (
				54590B362715E9DC3E299769 /* Page.h */,
				5459003AC622FC098C382CC7 /* Page.m */,
				545908E5F29E14B55CA59BE6 /* Image.m */,
				54590285A90B48D07A113F93 /* Image.h */,
			);
			path = Models;
			sourceTree = SOURCE_ROOT;
		};
		C3196635EC7D9C6AAB963023 /* Frameworks */ = {
			isa = PBXGroup;
			children = (
				BB82C6AA01245C0553E6CB35 /* libPods.a */,
			);
			name = Frameworks;
			sourceTree = "<group>";
		};
		E0387CE1357EC3117B055618 /* Pods */ = {
			isa = PBXGroup;
			children = (
				70425D32F5E02E34DFBB75B7 /* Pods.debug.xcconfig */,
				D8B7B3E3B5EC7CABB546A76D /* Pods.release.xcconfig */,
			);
			name = Pods;
			sourceTree = "<group>";
		};
/* End PBXGroup section */

/* Begin PBXNativeTarget section */
		545901282926AA5F9877C832 /* ProposalTests */ = {
			isa = PBXNativeTarget;
			buildConfigurationList = 545904FEC237D2F395BAB3EF /* Build configuration list for PBXNativeTarget "ProposalTests" */;
			buildPhases = (
				B693C748EE2B2E08CF317264 /* Check Pods Manifest.lock */,
				54590413D9E953A95249AFE1 /* Sources */,
				545902B443F2618D7EC90B55 /* Frameworks */,
				545902AAE1F6293BACE7751E /* Resources */,
				9D450A0843583162C6F5D33D /* Copy Pods Resources */,
			);
			buildRules = (
			);
			dependencies = (
				545900CF4A0DE918957C054C /* PBXTargetDependency */,
			);
			name = ProposalTests;
			productName = ProposalTests;
			productReference = 5459080BAF1C5756E231F0E7 /* ProposalTests.xctest */;
			productType = "com.apple.product-type.bundle.unit-test";
		};
		54590937B25C3753740946ED /* Proposal */ = {
			isa = PBXNativeTarget;
			buildConfigurationList = 54590EE4AC8BEB60EDE31B4C /* Build configuration list for PBXNativeTarget "Proposal" */;
			buildPhases = (
				30063DE42B04F65E1C47AA75 /* Check Pods Manifest.lock */,
				54590E63C447D496DF84C766 /* Sources */,
				54590D94B737B746F43FCCEB /* Frameworks */,
				545903B860F2CD4C7E0409D7 /* Resources */,
				2B32E1DA0712EC5E1672D4CA /* Copy Pods Resources */,
			);
			buildRules = (
			);
			dependencies = (
			);
			name = Proposal;
			productName = Proposal;
			productReference = 54590F4332007D4E57BC200E /* Proposal.app */;
			productType = "com.apple.product-type.application";
		};
/* End PBXNativeTarget section */

/* Begin PBXProject section */
		54590510FFBAE460D3AAE3A9 /* Project object */ = {
			isa = PBXProject;
			attributes = {
				ORGANIZATIONNAME = "Usable Design LLC";
			};
			buildConfigurationList = 54590B3CC83E79818A165D0F /* Build configuration list for PBXProject "Proposal" */;
			compatibilityVersion = "Xcode 3.2";
			developmentRegion = English;
			hasScannedForEncodings = 0;
			knownRegions = (
				en,
			);
			mainGroup = 5459035A57C69D8F7B92E4B0;
			productRefGroup = 545908551A555DD8D423151D /* Products */;
			projectDirPath = "";
			projectRoot = "";
			targets = (
				54590937B25C3753740946ED /* Proposal */,
				545901282926AA5F9877C832 /* ProposalTests */,
			);
		};
/* End PBXProject section */

/* Begin PBXResourcesBuildPhase section */
		545902AAE1F6293BACE7751E /* Resources */ = {
			isa = PBXResourcesBuildPhase;
			buildActionMask = 2147483647;
			files = (
				545902663589D97FB551A7E6 /* PageTests.swift in Resources */,
			);
			runOnlyForDeploymentPostprocessing = 0;
		};
		545903B860F2CD4C7E0409D7 /* Resources */ = {
			isa = PBXResourcesBuildPhase;
			buildActionMask = 2147483647;
			files = (
				545907AD65718EC9D24E4CA5 /* Images.xcassets in Resources */,
				5459048847AB7DC52514D1D7 /* LaunchScreen.xib in Resources */,
				54590A777AB651F2ADA6CC09 /* Main.storyboard in Resources */,
				545905221E336856AF2E342C /* 605-diamond.png in Resources */,
				54590BE5EDC7E7F687BDB6B2 /* 833-diamond-selected@3x.png in Resources */,
				54590EC67220C12F97403300 /* 833-diamond-selected@2x.png in Resources */,
				54590E31337DF3D774D18490 /* 833-diamond-selected.png in Resources */,
				02B634CE1A5C77170078629F /* ProposeViewController.storyboard in Resources */,
				545902FBEED31E3D1A2207BE /* 605-diamond@2x.png in Resources */,
				545907E3827B94F5E5F778BF /* 605-diamond@3x.png in Resources */,
				545909FB3B46661D0AF772C9 /* 704-compose@2x.png in Resources */,
				54590F7E5C711D4CF0FB6059 /* 704-compose@3x.png in Resources */,
				545905C042299C239DD877AC /* 704-compose.png in Resources */,
				545904B4C2F8F493FFE726B6 /* CreateViewController.storyboard in Resources */,
			);
			runOnlyForDeploymentPostprocessing = 0;
		};
/* End PBXResourcesBuildPhase section */

/* Begin PBXShellScriptBuildPhase section */
		2B32E1DA0712EC5E1672D4CA /* Copy Pods Resources */ = {
			isa = PBXShellScriptBuildPhase;
			buildActionMask = 2147483647;
			files = (
			);
			inputPaths = (
			);
			name = "Copy Pods Resources";
			outputPaths = (
			);
			runOnlyForDeploymentPostprocessing = 0;
			shellPath = /bin/sh;
			shellScript = "\"${SRCROOT}/Pods/Target Support Files/Pods/Pods-resources.sh\"\n";
			showEnvVarsInLog = 0;
		};
		30063DE42B04F65E1C47AA75 /* Check Pods Manifest.lock */ = {
			isa = PBXShellScriptBuildPhase;
			buildActionMask = 2147483647;
			files = (
			);
			inputPaths = (
			);
			name = "Check Pods Manifest.lock";
			outputPaths = (
			);
			runOnlyForDeploymentPostprocessing = 0;
			shellPath = /bin/sh;
			shellScript = "diff \"${PODS_ROOT}/../Podfile.lock\" \"${PODS_ROOT}/Manifest.lock\" > /dev/null\nif [[ $? != 0 ]] ; then\n    cat << EOM\nerror: The sandbox is not in sync with the Podfile.lock. Run 'pod install' or update your CocoaPods installation.\nEOM\n    exit 1\nfi\n";
			showEnvVarsInLog = 0;
		};
		9D450A0843583162C6F5D33D /* Copy Pods Resources */ = {
			isa = PBXShellScriptBuildPhase;
			buildActionMask = 2147483647;
			files = (
			);
			inputPaths = (
			);
			name = "Copy Pods Resources";
			outputPaths = (
			);
			runOnlyForDeploymentPostprocessing = 0;
			shellPath = /bin/sh;
			shellScript = "\"${SRCROOT}/Pods/Target Support Files/Pods/Pods-resources.sh\"\n";
			showEnvVarsInLog = 0;
		};
		B693C748EE2B2E08CF317264 /* Check Pods Manifest.lock */ = {
			isa = PBXShellScriptBuildPhase;
			buildActionMask = 2147483647;
			files = (
			);
			inputPaths = (
			);
			name = "Check Pods Manifest.lock";
			outputPaths = (
			);
			runOnlyForDeploymentPostprocessing = 0;
			shellPath = /bin/sh;
			shellScript = "diff \"${PODS_ROOT}/../Podfile.lock\" \"${PODS_ROOT}/Manifest.lock\" > /dev/null\nif [[ $? != 0 ]] ; then\n    cat << EOM\nerror: The sandbox is not in sync with the Podfile.lock. Run 'pod install' or update your CocoaPods installation.\nEOM\n    exit 1\nfi\n";
			showEnvVarsInLog = 0;
		};
/* End PBXShellScriptBuildPhase section */

/* Begin PBXSourcesBuildPhase section */
		54590413D9E953A95249AFE1 /* Sources */ = {
			isa = PBXSourcesBuildPhase;
			buildActionMask = 2147483647;
			files = (
				02B634D61A5C81EC0078629F /* PageTests.swift in Sources */,
				54590D278C8CE784FAED9E4C /* ProposalTests.swift in Sources */,
			);
			runOnlyForDeploymentPostprocessing = 0;
		};
		54590E63C447D496DF84C766 /* Sources */ = {
			isa = PBXSourcesBuildPhase;
			buildActionMask = 2147483647;
			files = (
				5459054B7675EAD5093823AA /* AppDelegate.swift in Sources */,
				545903976793FB9A9DE14CF1 /* Proposal.xcdatamodeld in Sources */,
				5459007E494EE3A089D651F4 /* HomeViewController.swift in Sources */,
				5459071BA7A1981DB5EEE40D /* ProposeViewController.swift in Sources */,
				54590C25E5C43DAFA0BD198C /* CreateViewController.swift in Sources */,
				54590EA7EDC01974E51541D2 /* Page.m in Sources */,
				54590FE4FAB573DDCAA7131C /* Image.m in Sources */,
			);
			runOnlyForDeploymentPostprocessing = 0;
		};
/* End PBXSourcesBuildPhase section */

/* Begin PBXTargetDependency section */
		545900CF4A0DE918957C054C /* PBXTargetDependency */ = {
			isa = PBXTargetDependency;
			target = 54590937B25C3753740946ED /* Proposal */;
			targetProxy = 545900245F63F6070ED75105 /* PBXContainerItemProxy */;
		};
/* End PBXTargetDependency section */

/* Begin PBXVariantGroup section */
		545903AABA68A947740C328E /* LaunchScreen.xib */ = {
			isa = PBXVariantGroup;
			children = (
				545903895F9F27038696C0C4 /* Base */,
			);
			name = LaunchScreen.xib;
			sourceTree = "<group>";
		};
		545909102365B4553F30B27C /* Main.storyboard */ = {
			isa = PBXVariantGroup;
			children = (
				54590FCDF26E5C271FA20557 /* Base */,
			);
			name = Main.storyboard;
			sourceTree = "<group>";
		};
/* End PBXVariantGroup section */

/* Begin XCBuildConfiguration section */
		545902D58175E01DEBADB416 /* Debug */ = {
			isa = XCBuildConfiguration;
			baseConfigurationReference = 70425D32F5E02E34DFBB75B7 /* Pods.debug.xcconfig */;
			buildSettings = {
				BUNDLE_LOADER = "$(BUILT_PRODUCTS_DIR)/Proposal.app/Proposal";
				FRAMEWORK_SEARCH_PATHS = (
					"$(SDKROOT)/Developer/Library/Frameworks",
					"$(inherited)",
				);
				INFOPLIST_FILE = ProposalTests/Info.plist;
				LD_RUNPATH_SEARCH_PATHS = "$(inherited) @executable_path/Frameworks @loader_path/Frameworks";
				PRODUCT_NAME = "$(TARGET_NAME)";
				TEST_HOST = "$(BUNDLE_LOADER)";
			};
			name = Debug;
		};
		545904B772B1E0ABE44551D1 /* Debug */ = {
			isa = XCBuildConfiguration;
			baseConfigurationReference = 70425D32F5E02E34DFBB75B7 /* Pods.debug.xcconfig */;
			buildSettings = {
				ASSETCATALOG_COMPILER_APPICON_NAME = AppIcon;
				CLANG_ENABLE_MODULES = YES;
				INFOPLIST_FILE = Proposal/Info.plist;
				LD_RUNPATH_SEARCH_PATHS = "$(inherited) @executable_path/Frameworks";
				PRODUCT_NAME = "$(TARGET_NAME)";
				SWIFT_OBJC_BRIDGING_HEADER = "Proposal-Bridging-Header.h";
				SWIFT_OPTIMIZATION_LEVEL = "-Onone";
			};
			name = Debug;
		};
		54590576EE1279BB43524E3B /* Release */ = {
			isa = XCBuildConfiguration;
			buildSettings = {
				ALWAYS_SEARCH_USER_PATHS = NO;
				CLANG_CXX_LANGUAGE_STANDARD = "gnu++0x";
				CLANG_CXX_LIBRARY = "libc++";
				CLANG_ENABLE_MODULES = YES;
				CLANG_ENABLE_OBJC_ARC = YES;
				CLANG_WARN_BOOL_CONVERSION = YES;
				CLANG_WARN_CONSTANT_CONVERSION = YES;
				CLANG_WARN_DIRECT_OBJC_ISA_USAGE = YES_ERROR;
				CLANG_WARN_EMPTY_BODY = YES;
				CLANG_WARN_ENUM_CONVERSION = YES;
				CLANG_WARN_INT_CONVERSION = YES;
				CLANG_WARN_OBJC_ROOT_CLASS = YES_ERROR;
				CLANG_WARN_UNREACHABLE_CODE = YES;
				CLANG_WARN__DUPLICATE_METHOD_MATCH = YES;
				"CODE_SIGN_IDENTITY[sdk=iphoneos*]" = "iPhone Developer";
				COPY_PHASE_STRIP = YES;
				ENABLE_NS_ASSERTIONS = NO;
				ENABLE_STRICT_OBJC_MSGSEND = YES;
				GCC_C_LANGUAGE_STANDARD = gnu99;
				GCC_WARN_64_TO_32_BIT_CONVERSION = YES;
				GCC_WARN_ABOUT_RETURN_TYPE = YES_ERROR;
				GCC_WARN_UNDECLARED_SELECTOR = YES;
				GCC_WARN_UNINITIALIZED_AUTOS = YES_AGGRESSIVE;
				GCC_WARN_UNUSED_FUNCTION = YES;
				GCC_WARN_UNUSED_VARIABLE = YES;
				IPHONEOS_DEPLOYMENT_TARGET = 8.2;
				MTL_ENABLE_DEBUG_INFO = NO;
				SDKROOT = iphoneos;
				TARGETED_DEVICE_FAMILY = "1,2";
				VALIDATE_PRODUCT = YES;
			};
			name = Release;
		};
		54590AB653CCC47575F8D600 /* Debug */ = {
			isa = XCBuildConfiguration;
			buildSettings = {
				ALWAYS_SEARCH_USER_PATHS = NO;
				CLANG_CXX_LANGUAGE_STANDARD = "gnu++0x";
				CLANG_CXX_LIBRARY = "libc++";
				CLANG_ENABLE_MODULES = YES;
				CLANG_ENABLE_OBJC_ARC = YES;
				CLANG_WARN_BOOL_CONVERSION = YES;
				CLANG_WARN_CONSTANT_CONVERSION = YES;
				CLANG_WARN_DIRECT_OBJC_ISA_USAGE = YES_ERROR;
				CLANG_WARN_EMPTY_BODY = YES;
				CLANG_WARN_ENUM_CONVERSION = YES;
				CLANG_WARN_INT_CONVERSION = YES;
				CLANG_WARN_OBJC_ROOT_CLASS = YES_ERROR;
				CLANG_WARN_UNREACHABLE_CODE = YES;
				CLANG_WARN__DUPLICATE_METHOD_MATCH = YES;
				"CODE_SIGN_IDENTITY[sdk=iphoneos*]" = "iPhone Developer";
				COPY_PHASE_STRIP = NO;
				ENABLE_STRICT_OBJC_MSGSEND = YES;
				GCC_C_LANGUAGE_STANDARD = gnu99;
				GCC_DYNAMIC_NO_PIC = NO;
				GCC_OPTIMIZATION_LEVEL = 0;
				GCC_PREPROCESSOR_DEFINITIONS = (
					"DEBUG=1",
					"$(inherited)",
				);
				GCC_SYMBOLS_PRIVATE_EXTERN = NO;
				GCC_WARN_64_TO_32_BIT_CONVERSION = YES;
				GCC_WARN_ABOUT_RETURN_TYPE = YES_ERROR;
				GCC_WARN_UNDECLARED_SELECTOR = YES;
				GCC_WARN_UNINITIALIZED_AUTOS = YES_AGGRESSIVE;
				GCC_WARN_UNUSED_FUNCTION = YES;
				GCC_WARN_UNUSED_VARIABLE = YES;
				IPHONEOS_DEPLOYMENT_TARGET = 8.2;
				MTL_ENABLE_DEBUG_INFO = YES;
				ONLY_ACTIVE_ARCH = YES;
				SDKROOT = iphoneos;
				SWIFT_OPTIMIZATION_LEVEL = "-Onone";
				TARGETED_DEVICE_FAMILY = "1,2";
			};
			name = Debug;
		};
		54590ACE8FBD0E1EC3562535 /* Release */ = {
			isa = XCBuildConfiguration;
			baseConfigurationReference = D8B7B3E3B5EC7CABB546A76D /* Pods.release.xcconfig */;
			buildSettings = {
				ASSETCATALOG_COMPILER_APPICON_NAME = AppIcon;
				CLANG_ENABLE_MODULES = YES;
				INFOPLIST_FILE = Proposal/Info.plist;
				LD_RUNPATH_SEARCH_PATHS = "$(inherited) @executable_path/Frameworks";
				PRODUCT_NAME = "$(TARGET_NAME)";
				SWIFT_OBJC_BRIDGING_HEADER = "Proposal-Bridging-Header.h";
			};
			name = Release;
		};
		54590FB19AC355286F8E63B6 /* Release */ = {
			isa = XCBuildConfiguration;
			baseConfigurationReference = D8B7B3E3B5EC7CABB546A76D /* Pods.release.xcconfig */;
			buildSettings = {
				BUNDLE_LOADER = "$(BUILT_PRODUCTS_DIR)/Proposal.app/Proposal";
				FRAMEWORK_SEARCH_PATHS = (
					"$(SDKROOT)/Developer/Library/Frameworks",
					"$(inherited)",
				);
				INFOPLIST_FILE = ProposalTests/Info.plist;
				LD_RUNPATH_SEARCH_PATHS = "$(inherited) @executable_path/Frameworks @loader_path/Frameworks";
				PRODUCT_NAME = "$(TARGET_NAME)";
				TEST_HOST = "$(BUNDLE_LOADER)";
			};
			name = Release;
		};
/* End XCBuildConfiguration section */

/* Begin XCConfigurationList section */
		545904FEC237D2F395BAB3EF /* Build configuration list for PBXNativeTarget "ProposalTests" */ = {
			isa = XCConfigurationList;
			buildConfigurations = (
				545902D58175E01DEBADB416 /* Debug */,
				54590FB19AC355286F8E63B6 /* Release */,
			);
			defaultConfigurationIsVisible = 0;
			defaultConfigurationName = Release;
		};
		54590B3CC83E79818A165D0F /* Build configuration list for PBXProject "Proposal" */ = {
			isa = XCConfigurationList;
			buildConfigurations = (
				54590AB653CCC47575F8D600 /* Debug */,
				54590576EE1279BB43524E3B /* Release */,
			);
			defaultConfigurationIsVisible = 0;
			defaultConfigurationName = Release;
		};
		54590EE4AC8BEB60EDE31B4C /* Build configuration list for PBXNativeTarget "Proposal" */ = {
			isa = XCConfigurationList;
			buildConfigurations = (
				545904B772B1E0ABE44551D1 /* Debug */,
				54590ACE8FBD0E1EC3562535 /* Release */,
			);
			defaultConfigurationIsVisible = 0;
			defaultConfigurationName = Release;
		};
/* End XCConfigurationList section */

/* Begin XCVersionGroup section */
		54590FA6B781D63EEC3214C0 /* Proposal.xcdatamodeld */ = {
			isa = XCVersionGroup;
			children = (
				54590879518D8559F609F6D7 /* Proposal.xcdatamodel */,
			);
			currentVersion = 54590879518D8559F609F6D7 /* Proposal.xcdatamodel */;
			path = Proposal.xcdatamodeld;
			sourceTree = "<group>";
			versionGroupType = wrapper.xcdatamodel;
		};
/* End XCVersionGroup section */
	};
	rootObject = 54590510FFBAE460D3AAE3A9 /* Project object */;
}
